{
  "projects": [
    {
      "projectId": "9BzSYZY1UKe9wRcv3hPs4L",
      "version": "latest",
      "dependencies": {},
      "lang": "ts",
      "fileLocks": [
        {
          "type": "globalVariant",
          "assetId": "X3WpyNuTSdyZZ6",
          "checksum": "d4f394d8bce788fa49aa34b1a896b761"
        },
        {
          "assetId": "9BzSYZY1UKe9wRcv3hPs4L",
          "type": "projectCss",
          "checksum": "34208dfcff37d5a2541a5fa222d402dd"
        },
        {
          "type": "renderModule",
          "assetId": "MCPTQ9QYq6xzD",
          "checksum": "fd65df63e0d81b38876cee9b1b59ba2e"
        },
        {
          "type": "cssRules",
          "assetId": "MCPTQ9QYq6xzD",
          "checksum": "fd65df63e0d81b38876cee9b1b59ba2e"
        },
        {
          "type": "renderModule",
          "assetId": "XcSNCNX4wrmaW",
          "checksum": "ac92519fafc60831932d2db2e0c7a0ae"
        },
        {
          "type": "cssRules",
          "assetId": "XcSNCNX4wrmaW",
          "checksum": "ac92519fafc60831932d2db2e0c7a0ae"
        },
        {
          "type": "renderModule",
          "assetId": "I_MYqYFFXiVox",
          "checksum": "6b126f17acc3746e173097e4df5451d1"
        },
        {
          "type": "cssRules",
          "assetId": "I_MYqYFFXiVox",
          "checksum": "6b126f17acc3746e173097e4df5451d1"
        },
        {
          "type": "renderModule",
          "assetId": "4zVNimxrflLuq",
          "checksum": "5a36aa27746b4c23b50076922b6b514f"
        },
        {
          "type": "cssRules",
          "assetId": "4zVNimxrflLuq",
          "checksum": "5a36aa27746b4c23b50076922b6b514f"
        },
        {
          "type": "renderModule",
          "assetId": "61JjuEGdFJ8o-0",
          "checksum": "68ba405f183b528aad86cb9e127b05e5"
        },
        {
          "type": "cssRules",
          "assetId": "61JjuEGdFJ8o-0",
          "checksum": "68ba405f183b528aad86cb9e127b05e5"
        },
        {
          "type": "renderModule",
          "assetId": "VK9bpqi0cSanF_",
          "checksum": "91bd7eb8f27a834c042bd0a04486c36d"
        },
        {
          "type": "cssRules",
          "assetId": "VK9bpqi0cSanF_",
          "checksum": "91bd7eb8f27a834c042bd0a04486c36d"
        },
        {
          "type": "renderModule",
          "assetId": "GCIwIB5Z9bd4le",
          "checksum": "61ed3de3d510efa689756360b9ac919b"
        },
        {
          "type": "cssRules",
          "assetId": "GCIwIB5Z9bd4le",
          "checksum": "61ed3de3d510efa689756360b9ac919b"
        },
        {
          "type": "renderModule",
          "assetId": "XGiLCLo1nSTHah",
          "checksum": "b879bde417cd4e0b9c6c27f3a658aec7"
        },
        {
          "type": "cssRules",
          "assetId": "XGiLCLo1nSTHah",
          "checksum": "b879bde417cd4e0b9c6c27f3a658aec7"
        },
        {
          "type": "renderModule",
          "assetId": "cbOT3Cr85MQ3PI",
          "checksum": "be23ebb00baeef776a2dfb1fb2bb245f"
        },
        {
          "type": "cssRules",
          "assetId": "cbOT3Cr85MQ3PI",
          "checksum": "be23ebb00baeef776a2dfb1fb2bb245f"
        },
        {
          "type": "renderModule",
          "assetId": "EoGnUUMRd2cLLQ",
          "checksum": "d3f5fd473dd45f88536b0ad7f7607950"
        },
        {
          "type": "cssRules",
          "assetId": "EoGnUUMRd2cLLQ",
          "checksum": "d3f5fd473dd45f88536b0ad7f7607950"
        },
        {
          "type": "renderModule",
          "assetId": "oQSpPRyCCMZR8S",
          "checksum": "a3467cbda89e491073ba6f2e7ea9b496"
        },
        {
          "type": "cssRules",
          "assetId": "oQSpPRyCCMZR8S",
          "checksum": "a3467cbda89e491073ba6f2e7ea9b496"
        },
        {
          "type": "renderModule",
          "assetId": "UwZsXLsWnxBA8-",
          "checksum": "b3a8ca44af33f22a5342fa52fbdfc247"
        },
        {
          "type": "cssRules",
          "assetId": "UwZsXLsWnxBA8-",
          "checksum": "b3a8ca44af33f22a5342fa52fbdfc247"
        },
        {
          "type": "renderModule",
          "assetId": "izD__6mnLwkIKc",
          "checksum": "b3cba0b29b5f9a7592c75e8f06c7ee9a"
        },
        {
          "type": "cssRules",
          "assetId": "izD__6mnLwkIKc",
          "checksum": "b3cba0b29b5f9a7592c75e8f06c7ee9a"
        },
        {
          "type": "icon",
          "assetId": "xUJrFddW_IqdU",
          "checksum": "dd8b795d4a8a3e8ca1e03d5fbd8ba820"
        },
        {
          "type": "icon",
          "assetId": "UVRStE8xnPLxM",
          "checksum": "8c63816e5de497e21de3b0b37e20a0b6"
        },
        {
          "type": "icon",
          "assetId": "cG7bam3KenC3z",
          "checksum": "b96024f4ad652a92218f5022dea9a269"
        },
        {
          "type": "icon",
          "assetId": "IaqJjNSSQtX4h",
          "checksum": "39161d34d77d856716d5fd791c3d7990"
        },
        {
          "type": "icon",
          "assetId": "vbQVvDQQi04RB",
          "checksum": "1d6e378adfefe08e90d73186d713ec2e"
        },
        {
          "type": "icon",
          "assetId": "sUU13i7JRzf6K",
          "checksum": "df7d5e70caf57ff05fe935625cb7ac8b"
        },
        {
          "type": "icon",
          "assetId": "SmMoLHAr0d31l",
          "checksum": "72bc9c6db5da93c1c4c893178954292c"
        },
        {
          "type": "icon",
          "assetId": "HZ4EWto2ra24I",
          "checksum": "537cc67b336c914ae8309ea3622f367a"
        },
        {
          "type": "icon",
          "assetId": "Nf1vb3M7JIQ4U",
          "checksum": "4944a77db5bb9893d3a9a84790f69d1d"
        },
        {
          "type": "icon",
          "assetId": "-Wi0TiE91FPWL",
          "checksum": "42ade2480e05b5b0f31e4a309a12a454"
        },
        {
          "type": "icon",
          "assetId": "zD4dkH0Th6R-p",
          "checksum": "d2d4be6010c7d744719bf3a1f2aed92c"
        },
        {
          "type": "icon",
          "assetId": "ahapMw-Es_rHU",
          "checksum": "fe4e2adffd2542cdf7575d9f6831699a"
        },
        {
          "type": "icon",
          "assetId": "Dgcx46fT7oMIp",
          "checksum": "398f1f871717e3bc1363cc06ba493080"
        },
        {
          "type": "icon",
          "assetId": "XKnXKqVbaGaEe",
          "checksum": "3ddcbad8a40fde16932298610720f4cb"
        },
        {
          "type": "icon",
          "assetId": "UaY-fa0qp1Hm6Y",
          "checksum": "58d6c201323cf19ae7e6daa8d5959fc3"
        },
        {
          "type": "icon",
          "assetId": "d5ynWYo6wC3VOx",
          "checksum": "107177f9a29da1229cecfc246fae072b"
        },
        {
          "type": "icon",
          "assetId": "Qkfxs1onVexwkL",
          "checksum": "e9a1f2cf6c94841c7066e5a982fd798e"
        },
        {
          "type": "icon",
          "assetId": "2e-4V2owZejkt6",
          "checksum": "e062320da5c53c6979594d08c913cf6a"
        },
        {
          "type": "icon",
          "assetId": "87nN89RCxUiwCp",
          "checksum": "ef0c3787ff199517f343eea73e980088"
        },
        {
          "type": "image",
          "assetId": "PQ519Z67s4ESk",
          "checksum": "e35870e710181bf9cd6eff9e284bf856"
        },
        {
          "type": "image",
          "assetId": "jETRI-CWhcqjk",
          "checksum": "354b5e1fb0df87bccf6a969be8a2e9bc"
        },
        {
          "type": "image",
          "assetId": "eEu45RqmRJOry",
          "checksum": "65523f226affbd85c1c447e336d85924"
        },
        {
          "type": "image",
          "assetId": "W33s-1-1j83AK",
          "checksum": "7920f7dc88fcd3be3f26edb4d20b8082"
        },
        {
          "type": "image",
          "assetId": "jNNMSn4ERKv8y",
          "checksum": "b008acfad7b8164d8e3d84326a377a9d"
        },
        {
          "type": "image",
          "assetId": "8dhJJMIrPuvDZ",
          "checksum": "e239d65137627a5e4288b072e415906c"
        },
        {
          "type": "image",
          "assetId": "CqRM-A93wXpYQ",
          "checksum": "2c25fd13f52776da87893dd16c760c65"
        },
        {
          "type": "image",
          "assetId": "TxRTlF_IbiEe6",
          "checksum": "44b586f3fe940d7770d4d6479dabf1d7"
        },
        {
          "type": "image",
          "assetId": "PmJ-AnHhyirqT",
          "checksum": "eb3f4521848a4eecbaf7ec48687090b3"
        },
        {
          "type": "image",
          "assetId": "wcubefwj8BBpD",
          "checksum": "226d643881a080169da7816fea43f110"
        },
        {
          "type": "image",
          "assetId": "q71UMz8YNYsDN",
          "checksum": "f31965a78e53be74b2dd5930c8e1e571"
        },
        {
          "type": "image",
          "assetId": "ygGBFDPODqKCo",
          "checksum": "e63644de3ba33a38f4c93692ff7ebe03"
        },
        {
          "type": "image",
          "assetId": "tBb2Q46s45Abc",
          "checksum": "fb08f37e3b45de1b76aa878ed5a4e17b"
        },
        {
          "type": "image",
          "assetId": "wMWo_GRpvS6i4",
          "checksum": "b93515cdee6c2e8e2b1a64dd4684cffa"
        },
        {
          "type": "image",
          "assetId": "KWIQaBbAf6uIN",
          "checksum": "861c8079700393d1ac8b9c0cf9d092a4"
        },
        {
          "type": "image",
          "assetId": "13WuWFI1AObiK",
          "checksum": "fa7371e8182075156b3073b9324a3c7c"
        },
        {
          "type": "image",
          "assetId": "Eja6viSLD7Ycy",
          "checksum": "88036df719d58ac387e1b0738f6ab39c"
        },
        {
          "type": "image",
          "assetId": "DWXJj_lM2NL96",
          "checksum": "b72e211599a69118618476c6ba5dbbca"
        },
        {
          "type": "image",
          "assetId": "OonzuwwhOsfwP",
          "checksum": "7e6fda07357ad318089c85f6ed9e7d5c"
        },
        {
          "type": "image",
          "assetId": "t_nlRqrdkv7HJ",
          "checksum": "82483e69db9d81cc15c24e6e7d732491"
        },
        {
          "type": "image",
          "assetId": "GdChTa1jjmmJ-",
          "checksum": "db283d3c63bb2d59abdd79ec38b8276a"
        },
        {
          "type": "image",
          "assetId": "I_Arbo1O4pXb2",
          "checksum": "34d43dc704f72624a4c33c87d0538405"
        },
        {
          "type": "image",
          "assetId": "anvoZpxD05qY5",
          "checksum": "57539f511051689c6c1dba23cfc14f69"
        },
        {
          "type": "image",
          "assetId": "IG9_a9aTeV7yZ",
          "checksum": "32e6a67a5e768256184b7018d72b87fd"
        },
        {
          "type": "image",
          "assetId": "aIdXNi4FW1Q_9",
          "checksum": "ceb0caf6e15178030bd16fe28722fffe"
        },
        {
          "type": "image",
          "assetId": "bTk1J8ANL1_4Y",
          "checksum": "ca2855f953956b905d79970568a8b8f6"
        },
        {
          "type": "image",
          "assetId": "S8dmbgZGAHeDn",
          "checksum": "91aaa117b8a8d57b30beb9d16d728c26"
        },
        {
          "type": "image",
          "assetId": "GfTKVT6bnixF-",
          "checksum": "279b782ecd110dcb263cbfb597482d6a"
        },
        {
          "type": "image",
          "assetId": "vqOCgD65K_GjP",
          "checksum": "f4642a9355ad3e40d251b268554399e1"
        },
        {
          "type": "image",
          "assetId": "PEfB3Pyd789iV",
          "checksum": "9254d0e7d9987db383b32dcbfb0af6a9"
        },
        {
          "type": "image",
          "assetId": "jRFbovrBfro6K",
          "checksum": "3da27625eb91f9fe12e5b9a8beca18ad"
        },
        {
          "type": "image",
          "assetId": "2ylj6Z1VcBm4r",
          "checksum": "a284299ae85419db91f9edbcdec06e2a"
        },
        {
          "type": "image",
          "assetId": "XT7YW6xaXSOFC",
          "checksum": "605bf77a4be7244fb1602e64482837f6"
        },
        {
          "type": "image",
          "assetId": "4kI1T4ChFBNDL",
          "checksum": "0e2099a7dffdda76f2010dd146b73910"
        },
        {
          "type": "image",
          "assetId": "sIVYHO0AdgoRq",
          "checksum": "2b17f858522cc462cbdffe132503a195"
        },
        {
          "type": "image",
          "assetId": "iv_P-dy2ihHYw",
          "checksum": "9d76a6c019611ce397b162baea839af3"
        },
        {
          "type": "image",
          "assetId": "am5MM7GTKFTMM",
          "checksum": "26adb3c3eb069f6532641b2f746a00e4"
        },
        {
          "type": "image",
          "assetId": "9YZQx3LIU3fgc",
          "checksum": "befbb73e2c013f01ef5681f3c6354e29"
        },
        {
          "type": "image",
          "assetId": "xY1k90qZXfvv4",
          "checksum": "14a9c185a129470ce3fbea8fa1ef0fdf"
        },
        {
          "type": "image",
          "assetId": "6Jms-wm3ul6Wy",
          "checksum": "3dd361ae53db637e5a30f265dcfe2d97"
        },
        {
          "type": "image",
          "assetId": "65QO08iaV38t3",
          "checksum": "58bcd197f492fa94336e31f47e1d8dd1"
        },
        {
          "type": "image",
          "assetId": "5ZetbJNNQFQbq",
          "checksum": "1061ebfa26253e6b219c30b32371473a"
        },
        {
          "type": "image",
          "assetId": "Nnx_mH3vzLtag",
          "checksum": "bd16b1d2256158d3a042bcb7b64b5ad3"
        },
        {
          "type": "image",
          "assetId": "qYmHUf9EEYTFz",
          "checksum": "29867e63af73a731d8d2d2d991be1740"
        },
        {
          "type": "image",
          "assetId": "2Oqxd2T9mB3eu",
          "checksum": "0702d3f542fe7c9102ac019fa67cafd7"
        },
        {
          "type": "image",
          "assetId": "8q-vzjVF3QUR_",
          "checksum": "f3be569aedf58da2d7c88bea9d930c09"
        },
        {
          "type": "image",
          "assetId": "mxR_rh4xR84Rg",
          "checksum": "0f2d60acec76bccd1d489722d1a641c6"
        },
        {
          "type": "image",
          "assetId": "wuYKbV-kq68Po",
          "checksum": "2dbc8ea86de32d0e4f2dc60c2ad12a0e"
        },
        {
          "type": "image",
          "assetId": "lbmKosYhaH58M",
          "checksum": "c4227c1d514fc7659864694ca6b50fe6"
        },
        {
          "type": "image",
          "assetId": "HvOfpLYyBVbOj",
          "checksum": "599ba6e448c91515c302e5be87bed915"
        },
        {
          "type": "image",
          "assetId": "YltPtEa6V2LHh",
          "checksum": "f59dfbb56686f8eef0d85b894a045ed2"
        },
        {
          "type": "image",
          "assetId": "jTy0OIlzkdNdc",
          "checksum": "8554b87488f6237090fb34beec2a63fc"
        },
        {
          "type": "image",
          "assetId": "JwpYLQVzqebr4",
          "checksum": "d720b3bf81ac3553b70bb651397e1b24"
        },
        {
          "type": "image",
          "assetId": "TZRgxtahXkjti",
          "checksum": "19c234c0de13d1c748a2584f401f67ed"
        },
        {
          "type": "image",
          "assetId": "OPd0oJyzNtVTb",
          "checksum": "96aee287536ae71a7903c102d240f221"
        },
        {
          "type": "image",
          "assetId": "O3wGorauwBkku",
          "checksum": "78e0a69248619beb7b590fb451f66622"
        },
        {
          "type": "image",
          "assetId": "9s3VHikoXnmdQ",
          "checksum": "369e4bb176778f1d311da54488a6a105"
        },
        {
          "type": "image",
          "assetId": "Q4NgYqA_jVFF3",
          "checksum": "4adf800c1dba62b10495c2f1fa40dec4"
        },
        {
          "type": "image",
          "assetId": "bKzp09JFEkNb3",
          "checksum": "ab8f27b6c9e8ffcf80deb5c47cf6835a"
        },
        {
          "type": "image",
          "assetId": "lB6CDhEIGOxAqt",
          "checksum": "53d983be2f4e9b8cbc6baad205b9a849"
        },
        {
          "type": "image",
          "assetId": "A9JFO7LZR8Usre",
          "checksum": "86cfb31dc16e9f736aef2a97fd815057"
        },
        {
          "type": "image",
          "assetId": "hQQ8G8Y5rultd8",
          "checksum": "32634f4a169cdfc4cb0d0f97abdd3583"
        }
      ],
      "codegenVersion": "0.0.1"
    }
  ],
  "cliVersion": "0.1.178"
}
